
Microsoft Visual Studio Solution File, Format Version 12.00
# Visual Studio Version 17
VisualStudioVersion = 17.4.33110.190
MinimumVisualStudioVersion = 10.0.40219.1
Project("{FAE04EC0-301F-11D3-BF4B-00C04F79EFBC}") = "Практична №3", "Практична №3\Практична №3.csproj", "{4F6DDFD5-E40E-4024-9F51-3AD7498E82E2}"
EndProject
Global
	GlobalSection(SolutionConfigurationPlatforms) = preSolution
		Debug|Any CPU = Debug|Any CPU
		Release|Any CPU = Release|Any CPU
	EndGlobalSection
	GlobalSection(ProjectConfigurationPlatforms) = postSolution
		{4F6DDFD5-E40E-4024-9F51-3AD7498E82E2}.Debug|Any CPU.ActiveCfg = Debug|Any CPU
		{4F6DDFD5-E40E-4024-9F51-3AD7498E82E2}.Debug|Any CPU.Build.0 = Debug|Any CPU
		{4F6DDFD5-E40E-4024-9F51-3AD7498E82E2}.Release|Any CPU.ActiveCfg = Release|Any CPU
		{4F6DDFD5-E40E-4024-9F51-3AD7498E82E2}.Release|Any CPU.Build.0 = Release|Any CPU
	EndGlobalSection
	GlobalSection(SolutionProperties) = preSolution
		HideSolutionNode = FALSE
	EndGlobalSection
	GlobalSection(ExtensibilityGlobals) = postSolution
		SolutionGuid = {D73D919E-6D12-41BF-A8C6-CBCF88F9EF87}
	EndGlobalSection
EndGlobal
